// !$*UTF8*$!
{
	archiveVersion = 1;
	classes = {
	};
	objectVersion = 50;
	objects = {

/* Begin PBXBuildFile section */
		101015B5220085D50005CD9F /* AppDelegate.m in Sources */ = {isa = PBXBuildFile; fileRef = 101015B4220085D50005CD9F /* AppDelegate.m */; };
		101015B8220085D50005CD9F /* ViewController.m in Sources */ = {isa = PBXBuildFile; fileRef = 101015B7220085D50005CD9F /* ViewController.m */; };
		101015BB220085D50005CD9F /* Main.storyboard in Resources */ = {isa = PBXBuildFile; fileRef = 101015B9220085D50005CD9F /* Main.storyboard */; };
		101015BD220085D70005CD9F /* Assets.xcassets in Resources */ = {isa = PBXBuildFile; fileRef = 101015BC220085D70005CD9F /* Assets.xcassets */; };
		101015C0220085D70005CD9F /* LaunchScreen.storyboard in Resources */ = {isa = PBXBuildFile; fileRef = 101015BE220085D70005CD9F /* LaunchScreen.storyboard */; };
		101015C3220085D70005CD9F /* main.m in Sources */ = {isa = PBXBuildFile; fileRef = 101015C2220085D70005CD9F /* main.m */; };
		101015CD220085D70005CD9F /* BuildingTests.m in Sources */ = {isa = PBXBuildFile; fileRef = 101015CC220085D70005CD9F /* BuildingTests.m */; };
		101015D8220085D70005CD9F /* BuildingUITests.m in Sources */ = {isa = PBXBuildFile; fileRef = 101015D7220085D70005CD9F /* BuildingUITests.m */; };
/* End PBXBuildFile section */

/* Begin PBXContainerItemProxy section */
		101015C9220085D70005CD9F /* PBXContainerItemProxy */ = {
			isa = PBXContainerItemProxy;
			containerPortal = 101015A8220085D50005CD9F /* Project object */;
			proxyType = 1;
			remoteGlobalIDString = 101015AF220085D50005CD9F;
			remoteInfo = Building;
		};
		101015D4220085D70005CD9F /* PBXContainerItemProxy */ = {
			isa = PBXContainerItemProxy;
			containerPortal = 101015A8220085D50005CD9F /* Project object */;
			proxyType = 1;
			remoteGlobalIDString = 101015AF220085D50005CD9F;
			remoteInfo = Building;
		};
/* End PBXContainerItemProxy section */

/* Begin PBXFileReference section */
		101015B0220085D50005CD9F /* Building.app */ = {isa = PBXFileReference; explicitFileType = wrapper.application; includeInIndex = 0; path = Building.app; sourceTree = BUILT_PRODUCTS_DIR; };
		101015B3220085D50005CD9F /* AppDelegate.h */ = {isa = PBXFileReference; lastKnownFileType = sourcecode.c.h; path = AppDelegate.h; sourceTree = "<group>"; };
		101015B4220085D50005CD9F /* AppDelegate.m */ = {isa = PBXFileReference; lastKnownFileType = sourcecode.c.objc; path = AppDelegate.m; sourceTree = "<group>"; };
		101015B6220085D50005CD9F /* ViewController.h */ = {isa = PBXFileReference; lastKnownFileType = sourcecode.c.h; path = ViewController.h; sourceTree = "<group>"; };
		101015B7220085D50005CD9F /* ViewController.m */ = {isa = PBXFileReference; lastKnownFileType = sourcecode.c.objc; path = ViewController.m; sourceTree = "<group>"; };
		101015BA220085D50005CD9F /* Base */ = {isa = PBXFileReference; lastKnownFileType = file.storyboard; name = Base; path = Base.lproj/Main.storyboard; sourceTree = "<group>"; };
		101015BC220085D70005CD9F /* Assets.xcassets */ = {isa = PBXFileReference; lastKnownFileType = folder.assetcatalog; path = Assets.xcassets; sourceTree = "<group>"; };
		101015BF220085D70005CD9F /* Base */ = {isa = PBXFileReference; lastKnownFileType = file.storyboard; name = Base; path = Base.lproj/LaunchScreen.storyboard; sourceTree = "<group>"; };
		101015C1220085D70005CD9F /* Info.plist */ = {isa = PBXFileReference; lastKnownFileType = text.plist.xml; path = Info.plist; sourceTree = "<group>"; };
		101015C2220085D70005CD9F /* main.m */ = {isa = PBXFileReference; lastKnownFileType = sourcecode.c.objc; path = main.m; sourceTree = "<group>"; };
		101015C8220085D70005CD9F /* BuildingTests.xctest */ = {isa = PBXFileReference; explicitFileType = wrapper.cfbundle; includeInIndex = 0; path = BuildingTests.xctest; sourceTree = BUILT_PRODUCTS_DIR; };
		101015CC220085D70005CD9F /* BuildingTests.m */ = {isa = PBXFileReference; lastKnownFileType = sourcecode.c.objc; path = BuildingTests.m; sourceTree = "<group>"; };
		101015CE220085D70005CD9F /* Info.plist */ = {isa = PBXFileReference; lastKnownFileType = text.plist.xml; path = Info.plist; sourceTree = "<group>"; };
		101015D3220085D70005CD9F /* BuildingUITests.xctest */ = {isa = PBXFileReference; explicitFileType = wrapper.cfbundle; includeInIndex = 0; path = BuildingUITests.xctest; sourceTree = BUILT_PRODUCTS_DIR; };
		101015D7220085D70005CD9F /* BuildingUITests.m */ = {isa = PBXFileReference; lastKnownFileType = sourcecode.c.objc; path = BuildingUITests.m; sourceTree = "<group>"; };
		101015D9220085D70005CD9F /* Info.plist */ = {isa = PBXFileReference; lastKnownFileType = text.plist.xml; path = Info.plist; sourceTree = "<group>"; };
/* End PBXFileReference section */

/* Begin PBXFrameworksBuildPhase section */
		101015AD220085D50005CD9F /* Frameworks */ = {
			isa = PBXFrameworksBuildPhase;
			buildActionMask = 2147483647;
			files = (
			);
			runOnlyForDeploymentPostprocessing = 0;
		};
		101015C5220085D70005CD9F /* Frameworks */ = {
			isa = PBXFrameworksBuildPhase;
			buildActionMask = 2147483647;
			files = (
			);
			runOnlyForDeploymentPostprocessing = 0;
		};
		101015D0220085D70005CD9F /* Frameworks */ = {
			isa = PBXFrameworksBuildPhase;
			buildActionMask = 2147483647;
			files = (
			);
			runOnlyForDeploymentPostprocessing = 0;
		};
/* End PBXFrameworksBuildPhase section */

/* Begin PBXGroup section */
		101015A7220085D50005CD9F = {
			isa = PBXGroup;
			children = (
				101015B2220085D50005CD9F /* Building */,
				101015CB220085D70005CD9F /* BuildingTests */,
				101015D6220085D70005CD9F /* BuildingUITests */,
				101015B1220085D50005CD9F /* Products */,
			);
			sourceTree = "<group>";
		};
		101015B1220085D50005CD9F /* Products */ = {
			isa = PBXGroup;
			children = (
				101015B0220085D50005CD9F /* Building.app */,
				101015C8220085D70005CD9F /* BuildingTests.xctest */,
				101015D3220085D70005CD9F /* BuildingUITests.xctest */,
			);
			name = Products;
			sourceTree = "<group>";
		};
		101015B2220085D50005CD9F /* Building */ = {
			isa = PBXGroup;
			children = (
				101015B3220085D50005CD9F /* AppDelegate.h */,
				101015B4220085D50005CD9F /* AppDelegate.m */,
				101015B6220085D50005CD9F /* ViewController.h */,
				101015B7220085D50005CD9F /* ViewController.m */,
				101015B9220085D50005CD9F /* Main.storyboard */,
				101015BC220085D70005CD9F /* Assets.xcassets */,
				101015BE220085D70005CD9F /* LaunchScreen.storyboard */,
				101015C1220085D70005CD9F /* Info.plist */,
				101015C2220085D70005CD9F /* main.m */,
			);
			path = Building;
			sourceTree = "<group>";
		};
		101015CB220085D70005CD9F /* BuildingTests */ = {
			isa = PBXGroup;
			children = (
				101015CC220085D70005CD9F /* BuildingTests.m */,
				101015CE220085D70005CD9F /* Info.plist */,
			);
			path = BuildingTests;
			sourceTree = "<group>";
		};
		101015D6220085D70005CD9F /* BuildingUITests */ = {
			isa = PBXGroup;
			children = (
				101015D7220085D70005CD9F /* BuildingUITests.m */,
				101015D9220085D70005CD9F /* Info.plist */,
			);
			path = BuildingUITests;
			sourceTree = "<group>";
		};
/* End PBXGroup section */

/* Begin PBXNativeTarget section */
		101015AF220085D50005CD9F /* Building */ = {
			isa = PBXNativeTarget;
			buildConfigurationList = 101015DC220085D70005CD9F /* Build configuration list for PBXNativeTarget "Building" */;
			buildPhases = (
				101015AC220085D50005CD9F /* Sources */,
				101015AD220085D50005CD9F /* Frameworks */,
				101015AE220085D50005CD9F /* Resources */,
			);
			buildRules = (
			);
			dependencies = (
			);
			name = Building;
			productName = Building;
			productReference = 101015B0220085D50005CD9F /* Building.app */;
			productType = "com.apple.product-type.application";
		};
		101015C7220085D70005CD9F /* BuildingTests */ = {
			isa = PBXNativeTarget;
			buildConfigurationList = 101015DF220085D70005CD9F /* Build configuration list for PBXNativeTarget "BuildingTests" */;
			buildPhases = (
				101015C4220085D70005CD9F /* Sources */,
				101015C5220085D70005CD9F /* Frameworks */,
				101015C6220085D70005CD9F /* Resources */,
			);
			buildRules = (
			);
			dependencies = (
				101015CA220085D70005CD9F /* PBXTargetDependency */,
			);
			name = BuildingTests;
			productName = BuildingTests;
			productReference = 101015C8220085D70005CD9F /* BuildingTests.xctest */;
			productType = "com.apple.product-type.bundle.unit-test";
		};
		101015D2220085D70005CD9F /* BuildingUITests */ = {
			isa = PBXNativeTarget;
			buildConfigurationList = 101015E2220085D70005CD9F /* Build configuration list for PBXNativeTarget "BuildingUITests" */;
			buildPhases = (
				101015CF220085D70005CD9F /* Sources */,
				101015D0220085D70005CD9F /* Frameworks */,
				101015D1220085D70005CD9F /* Resources */,
			);
			buildRules = (
			);
			dependencies = (
				101015D5220085D70005CD9F /* PBXTargetDependency */,
			);
			name = BuildingUITests;
			productName = BuildingUITests;
			productReference = 101015D3220085D70005CD9F /* BuildingUITests.xctest */;
			productType = "com.apple.product-type.bundle.ui-testing";
		};
/* End PBXNativeTarget section */

/* Begin PBXProject section */
		101015A8220085D50005CD9F /* Project object */ = {
			isa = PBXProject;
			attributes = {
				LastUpgradeCheck = 1010;
				ORGANIZATIONNAME = "Macbook Pro";
				TargetAttributes = {
					101015AF220085D50005CD9F = {
						CreatedOnToolsVersion = 10.1;
					};
					101015C7220085D70005CD9F = {
						CreatedOnToolsVersion = 10.1;
						TestTargetID = 101015AF220085D50005CD9F;
					};
					101015D2220085D70005CD9F = {
						CreatedOnToolsVersion = 10.1;
						TestTargetID = 101015AF220085D50005CD9F;
					};
				};
			};
			buildConfigurationList = 101015AB220085D50005CD9F /* Build configuration list for PBXProject "Building" */;
			compatibilityVersion = "Xcode 9.3";
			developmentRegion = en;
			hasScannedForEncodings = 0;
			knownRegions = (
				en,
				Base,
			);
			mainGroup = 101015A7220085D50005CD9F;
			productRefGroup = 101015B1220085D50005CD9F /* Products */;
			projectDirPath = "";
			projectRoot = "";
			targets = (
				101015AF220085D50005CD9F /* Building */,
				101015C7220085D70005CD9F /* BuildingTests */,
				101015D2220085D70005CD9F /* BuildingUITests */,
			);
		};
/* End PBXProject section */

/* Begin PBXResourcesBuildPhase section */
		101015AE220085D50005CD9F /* Resources */ = {
			isa = PBXResourcesBuildPhase;
			buildActionMask = 2147483647;
			files = (
				101015C0220085D70005CD9F /* LaunchScreen.storyboard in Resources */,
				101015BD220085D70005CD9F /* Assets.xcassets in Resources */,
				101015BB220085D50005CD9F /* Main.storyboard in Resources */,
			);
			runOnlyForDeploymentPostprocessing = 0;
		};
		101015C6220085D70005CD9F /* Resources */ = {
			isa = PBXResourcesBuildPhase;
			buildActionMask = 2147483647;
			files = (
			);
			runOnlyForDeploymentPostprocessing = 0;
		};
		101015D1220085D70005CD9F /* Resources */ = {
			isa = PBXResourcesBuildPhase;
			buildActionMask = 2147483647;
			files = (
			);
			runOnlyForDeploymentPostprocessing = 0;
		};
/* End PBXResourcesBuildPhase section */

/* Begin PBXSourcesBuildPhase section */
		101015AC220085D50005CD9F /* Sources */ = {
			isa = PBXSourcesBuildPhase;
			buildActionMask = 2147483647;
			files = (
				101015B8220085D50005CD9F /* ViewController.m in Sources */,
				101015C3220085D70005CD9F /* main.m in Sources */,
				101015B5220085D50005CD9F /* AppDelegate.m in Sources */,
			);
			runOnlyForDeploymentPostprocessing = 0;
		};
		101015C4220085D70005CD9F /* Sources */ = {
			isa = PBXSourcesBuildPhase;
			buildActionMask = 2147483647;
			files = (
				101015CD220085D70005CD9F /* BuildingTests.m in Sources */,
			);
			runOnlyForDeploymentPostprocessing = 0;
		};
		101015CF220085D70005CD9F /* Sources */ = {
			isa = PBXSourcesBuildPhase;
			buildActionMask = 2147483647;
			files = (
				101015D8220085D70005CD9F /* BuildingUITests.m in Sources */,
			);
			runOnlyForDeploymentPostprocessing = 0;
		};
/* End PBXSourcesBuildPhase section */

/* Begin PBXTargetDependency section */
		101015CA220085D70005CD9F /* PBXTargetDependency */ = {
			isa = PBXTargetDependency;
			target = 101015AF220085D50005CD9F /* Building */;
			targetProxy = 101015C9220085D70005CD9F /* PBXContainerItemProxy */;
		};
		101015D5220085D70005CD9F /* PBXTargetDependency */ = {
			isa = PBXTargetDependency;
			target = 101015AF220085D50005CD9F /* Building */;
			targetProxy = 101015D4220085D70005CD9F /* PBXContainerItemProxy */;
		};
/* End PBXTargetDependency section */

/* Begin PBXVariantGroup section */
		101015B9220085D50005CD9F /* Main.storyboard */ = {
			isa = PBXVariantGroup;
			children = (
				101015BA220085D50005CD9F /* Base */,
			);
			name = Main.storyboard;
			sourceTree = "<group>";
		};
		101015BE220085D70005CD9F /* LaunchScreen.storyboard */ = {
			isa = PBXVariantGroup;
			children = (
				101015BF220085D70005CD9F /* Base */,
			);
			name = LaunchScreen.storyboard;
			sourceTree = "<group>";
		};
/* End PBXVariantGroup section */

/* Begin XCBuildConfiguration section */
		101015DA220085D70005CD9F /* Debug */ = {
			isa = XCBuildConfiguration;
			buildSettings = {
				ALWAYS_SEARCH_USER_PATHS = NO;
				CLANG_ANALYZER_NONNULL = YES;
				CLANG_ANALYZER_NUMBER_OBJECT_CONVERSION = YES_AGGRESSIVE;
				CLANG_CXX_LANGUAGE_STANDARD = "gnu++14";
				CLANG_CXX_LIBRARY = "libc++";
				CLANG_ENABLE_MODULES = YES;
				CLANG_ENABLE_OBJC_ARC = YES;
				CLANG_ENABLE_OBJC_WEAK = YES;
				CLANG_WARN_BLOCK_CAPTURE_AUTORELEASING = YES;
				CLANG_WARN_BOOL_CONVERSION = YES;
				CLANG_WARN_COMMA = YES;
				CLANG_WARN_CONSTANT_CONVERSION = YES;
				CLANG_WARN_DEPRECATED_OBJC_IMPLEMENTATIONS = YES;
				CLANG_WARN_DIRECT_OBJC_ISA_USAGE = YES_ERROR;
				CLANG_WARN_DOCUMENTATION_COMMENTS = YES;
				CLANG_WARN_EMPTY_BODY = YES;
				CLANG_WARN_ENUM_CONVERSION = YES;
				CLANG_WARN_INFINITE_RECURSION = YES;
				CLANG_WARN_INT_CONVERSION = YES;
				CLANG_WARN_NON_LITERAL_NULL_CONVERSION = YES;
				CLANG_WARN_OBJC_IMPLICIT_RETAIN_SELF = YES;
				CLANG_WARN_OBJC_LITERAL_CONVERSION = YES;
				CLANG_WARN_OBJC_ROOT_CLASS = YES_ERROR;
				CLANG_WARN_RANGE_LOOP_ANALYSIS = YES;
				CLANG_WARN_STRICT_PROTOTYPES = YES;
				CLANG_WARN_SUSPICIOUS_MOVE = YES;
				CLANG_WARN_UNGUARDED_AVAILABILITY = YES_AGGRESSIVE;
				CLANG_WARN_UNREACHABLE_CODE = YES;
				CLANG_WARN__DUPLICATE_METHOD_MATCH = YES;
				CODE_SIGN_IDENTITY = "iPhone Developer";
				COPY_PHASE_STRIP = NO;
				DEBUG_INFORMATION_FORMAT = dwarf;
				ENABLE_STRICT_OBJC_MSGSEND = YES;
				ENABLE_TESTABILITY = YES;
				GCC_C_LANGUAGE_STANDARD = gnu11;
				GCC_DYNAMIC_NO_PIC = NO;
				GCC_NO_COMMON_BLOCKS = YES;
				GCC_OPTIMIZATION_LEVEL = 0;
				GCC_PREPROCESSOR_DEFINITIONS = (
					"DEBUG=1",
					"$(inherited)",
				);
				GCC_WARN_64_TO_32_BIT_CONVERSION = YES;
				GCC_WARN_ABOUT_RETURN_TYPE = YES_ERROR;
				GCC_WARN_UNDECLARED_SELECTOR = YES;
				GCC_WARN_UNINITIALIZED_AUTOS = YES_AGGRESSIVE;
				GCC_WARN_UNUSED_FUNCTION = YES;
				GCC_WARN_UNUSED_VARIABLE = YES;
				IPHONEOS_DEPLOYMENT_TARGET = 12.1;
				MTL_ENABLE_DEBUG_INFO = INCLUDE_SOURCE;
				MTL_FAST_MATH = YES;
				ONLY_ACTIVE_ARCH = YES;
				SDKROOT = iphoneos;
			};
			name = Debug;
		};
		101015DB220085D70005CD9F /* Release */ = {
			isa = XCBuildConfiguration;
			buildSettings = {
				ALWAYS_SEARCH_USER_PATHS = NO;
				CLANG_ANALYZER_NONNULL = YES;
				CLANG_ANALYZER_NUMBER_OBJECT_CONVERSION = YES_AGGRESSIVE;
				CLANG_CXX_LANGUAGE_STANDARD = "gnu++14";
				CLANG_CXX_LIBRARY = "libc++";
				CLANG_ENABLE_MODULES = YES;
				CLANG_ENABLE_OBJC_ARC = YES;
				CLANG_ENABLE_OBJC_WEAK = YES;
				CLANG_WARN_BLOCK_CAPTURE_AUTORELEASING = YES;
				CLANG_WARN_BOOL_CONVERSION = YES;
				CLANG_WARN_COMMA = YES;
				CLANG_WARN_CONSTANT_CONVERSION = YES;
				CLANG_WARN_DEPRECATED_OBJC_IMPLEMENTATIONS = YES;
				CLANG_WARN_DIRECT_OBJC_ISA_USAGE = YES_ERROR;
				CLANG_WARN_DOCUMENTATION_COMMENTS = YES;
				CLANG_WARN_EMPTY_BODY = YES;
				CLANG_WARN_ENUM_CONVERSION = YES;
				CLANG_WARN_INFINITE_RECURSION = YES;
				CLANG_WARN_INT_CONVERSION = YES;
				CLANG_WARN_NON_LITERAL_NULL_CONVERSION = YES;
				CLANG_WARN_OBJC_IMPLICIT_RETAIN_SELF = YES;
				CLANG_WARN_OBJC_LITERAL_CONVERSION = YES;
				CLANG_WARN_OBJC_ROOT_CLASS = YES_ERROR;
				CLANG_WARN_RANGE_LOOP_ANALYSIS = YES;
				CLANG_WARN_STRICT_PROTOTYPES = YES;
				CLANG_WARN_SUSPICIOUS_MOVE = YES;
				CLANG_WARN_UNGUARDED_AVAILABILITY = YES_AGGRESSIVE;
				CLANG_WARN_UNREACHABLE_CODE = YES;
				CLANG_WARN__DUPLICATE_METHOD_MATCH = YES;
				CODE_SIGN_IDENTITY = "iPhone Developer";
				COPY_PHASE_STRIP = NO;
				DEBUG_INFORMATION_FORMAT = "dwarf-with-dsym";
				ENABLE_NS_ASSERTIONS = NO;
				ENABLE_STRICT_OBJC_MSGSEND = YES;
				GCC_C_LANGUAGE_STANDARD = gnu11;
				GCC_NO_COMMON_BLOCKS = YES;
				GCC_WARN_64_TO_32_BIT_CONVERSION = YES;
				GCC_WARN_ABOUT_RETURN_TYPE = YES_ERROR;
				GCC_WARN_UNDECLARED_SELECTOR = YES;
				GCC_WARN_UNINITIALIZED_AUTOS = YES_AGGRESSIVE;
				GCC_WARN_UNUSED_FUNCTION = YES;
				GCC_WARN_UNUSED_VARIABLE = YES;
				IPHONEOS_DEPLOYMENT_TARGET = 12.1;
				MTL_ENABLE_DEBUG_INFO = NO;
				MTL_FAST_MATH = YES;
				SDKROOT = iphoneos;
				VALIDATE_PRODUCT = YES;
			};
			name = Release;
		};
		101015DD220085D70005CD9F /* Debug */ = {
			isa = XCBuildConfiguration;
			buildSettings = {
				ASSETCATALOG_COMPILER_APPICON_NAME = AppIcon;
				CODE_SIGN_STYLE = Automatic;
				INFOPLIST_FILE = Building/Info.plist;
				LD_RUNPATH_SEARCH_PATHS = (
					"$(inherited)",
					"@executable_path/Frameworks",
				);
				PRODUCT_BUNDLE_IDENTIFIER = com.yunsi.Building;
				PRODUCT_NAME = "$(TARGET_NAME)";
				TARGETED_DEVICE_FAMILY = "1,2";
			};
			name = Debug;
		};
		101015DE220085D70005CD9F /* Release */ = {
			isa = XCBuildConfiguration;
			buildSettings = {
				ASSETCATALOG_COMPILER_APPICON_NAME = AppIcon;
				CODE_SIGN_STYLE = Automatic;
				INFOPLIST_FILE = Building/Info.plist;
				LD_RUNPATH_SEARCH_PATHS = (
					"$(inherited)",
					"@executable_path/Frameworks",
				);
				PRODUCT_BUNDLE_IDENTIFIER = com.yunsi.Building;
				PRODUCT_NAME = "$(TARGET_NAME)";
				TARGETED_DEVICE_FAMILY = "1,2";
			};
			name = Release;
		};
		101015E0220085D70005CD9F /* Debug */ = {
			isa = XCBuildConfiguration;
			buildSettings = {
				BUNDLE_LOADER = "$(TEST_HOST)";
				CODE_SIGN_STYLE = Automatic;
				INFOPLIST_FILE = BuildingTests/Info.plist;
				LD_RUNPATH_SEARCH_PATHS = (
					"$(inherited)",
					"@executable_path/Frameworks",
					"@loader_path/Frameworks",
				);
				PRODUCT_BUNDLE_IDENTIFIER = com.yunsi.BuildingTests;
				PRODUCT_NAME = "$(TARGET_NAME)";
				TARGETED_DEVICE_FAMILY = "1,2";
				TEST_HOST = "$(BUILT_PRODUCTS_DIR)/Building.app/Building";
			};
			name = Debug;
		};
		101015E1220085D70005CD9F /* Release */ = {
			isa = XCBuildConfiguration;
			buildSettings = {
				BUNDLE_LOADER = "$(TEST_HOST)";
				CODE_SIGN_STYLE = Automatic;
				INFOPLIST_FILE = BuildingTests/Info.plist;
				LD_RUNPATH_SEARCH_PATHS = (
					"$(inherited)",
					"@executable_path/Frameworks",
					"@loader_path/Frameworks",
				);
				PRODUCT_BUNDLE_IDENTIFIER = com.yunsi.BuildingTests;
				PRODUCT_NAME = "$(TARGET_NAME)";
				TARGETED_DEVICE_FAMILY = "1,2";
				TEST_HOST = "$(BUILT_PRODUCTS_DIR)/Building.app/Building";
			};
			name = Release;
		};
		101015E3220085D70005CD9F /* Debug */ = {
			isa = XCBuildConfiguration;
			buildSettings = {
				CODE_SIGN_STYLE = Automatic;
				INFOPLIST_FILE = BuildingUITests/Info.plist;
				LD_RUNPATH_SEARCH_PATHS = (
					"$(inherited)",
					"@executable_path/Frameworks",
					"@loader_path/Frameworks",
				);
				PRODUCT_BUNDLE_IDENTIFIER = com.yunsi.BuildingUITests;
				PRODUCT_NAME = "$(TARGET_NAME)";
				TARGETED_DEVICE_FAMILY = "1,2";
				TEST_TARGET_NAME = Building;
			};
			name = Debug;
		};
		101015E4220085D70005CD9F /* Release */ = {
			isa = XCBuildConfiguration;
			buildSettings = {
				CODE_SIGN_STYLE = Automatic;
				INFOPLIST_FILE = BuildingUITests/Info.plist;
				LD_RUNPATH_SEARCH_PATHS = (
					"$(inherited)",
					"@executable_path/Frameworks",
					"@loader_path/Frameworks",
				);
				PRODUCT_BUNDLE_IDENTIFIER = com.yunsi.BuildingUITests;
				PRODUCT_NAME = "$(TARGET_NAME)";
				TARGETED_DEVICE_FAMILY = "1,2";
				TEST_TARGET_NAME = Building;
			};
			name = Release;
		};
/* End XCBuildConfiguration section */

/* Begin XCConfigurationList section */
		101015AB220085D50005CD9F /* Build configuration list for PBXProject "Building" */ = {
			isa = XCConfigurationList;
			buildConfigurations = (
				101015DA220085D70005CD9F /* Debug */,
				101015DB220085D70005CD9F /* Release */,
			);
			defaultConfigurationIsVisible = 0;
			defaultConfigurationName = Release;
		};
		101015DC220085D70005CD9F /* Build configuration list for PBXNativeTarget "Building" */ = {
			isa = XCConfigurationList;
			buildConfigurations = (
				101015DD220085D70005CD9F /* Debug */,
				101015DE220085D70005CD9F /* Release */,
			);
			defaultConfigurationIsVisible = 0;
			defaultConfigurationName = Release;
		};
		101015DF220085D70005CD9F /* Build configuration list for PBXNativeTarget "BuildingTests" */ = {
			isa = XCConfigurationList;
			buildConfigurations = (
				101015E0220085D70005CD9F /* Debug */,
				101015E1220085D70005CD9F /* Release */,
			);
			defaultConfigurationIsVisible = 0;
			defaultConfigurationName = Release;
		};
		101015E2220085D70005CD9F /* Build configuration list for PBXNativeTarget "BuildingUITests" */ = {
			isa = XCConfigurationList;
			buildConfigurations = (
				101015E3220085D70005CD9F /* Debug */,
				101015E4220085D70005CD9F /* Release */,
			);
			defaultConfigurationIsVisible = 0;
			defaultConfigurationName = Release;
		};
/* End XCConfigurationList section */
	};
	rootObject = 101015A8220085D50005CD9F /* Project object */;
}
